
Microsoft Visual Studio Solution File, Format Version 12.00
# Visual Studio Version 17
VisualStudioVersion = 17.4.33122.133
MinimumVisualStudioVersion = 10.0.40219.1
Project("{FAE04EC0-301F-11D3-BF4B-00C04F79EFBC}") = "CosmosKernel4", "CosmosKernel4\CosmosKernel4.csproj", "{0CFB9626-3206-453A-B5A8-C04AF8AC5FFF}"
EndProject
Global
	GlobalSection(SolutionConfigurationPlatforms) = preSolution
		Debug|Any CPU = Debug|Any CPU
		Release|Any CPU = Release|Any CPU
	EndGlobalSection
	GlobalSection(ProjectConfigurationPlatforms) = postSolution
		{0CFB9626-3206-453A-B5A8-C04AF8AC5FFF}.Debug|Any CPU.ActiveCfg = Debug|Any CPU
		{0CFB9626-3206-453A-B5A8-C04AF8AC5FFF}.Debug|Any CPU.Build.0 = Debug|Any CPU
		{0CFB9626-3206-453A-B5A8-C04AF8AC5FFF}.Release|Any CPU.ActiveCfg = Release|Any CPU
		{0CFB9626-3206-453A-B5A8-C04AF8AC5FFF}.Release|Any CPU.Build.0 = Release|Any CPU
	EndGlobalSection
	GlobalSection(SolutionProperties) = preSolution
		HideSolutionNode = FALSE
	EndGlobalSection
	GlobalSection(ExtensibilityGlobals) = postSolution
		SolutionGuid = {F9273296-2285-4AAB-91A6-C0A0913BA043}
	EndGlobalSection
EndGlobal
